
Microsoft Visual Studio Solution File, Format Version 12.00
# Visual Studio Version 17
VisualStudioVersion = 17.8.34316.72
MinimumVisualStudioVersion = 10.0.40219.1
Project("{9A19103F-16F7-4668-BE54-9A1E7A4F7556}") = "VisualAcademy.Desktop", "VisualAcademy.Desktop\VisualAcademy.Desktop.csproj", "{EFCAAF80-0AD0-4170-B21E-461A21944EC6}"
EndProject
Project("{00D1A9C2-B5F0-4AF3-8072-F6C62B433612}") = "VisualAcademy.SqlServer", "VisualAcademy.SqlServer\VisualAcademy.SqlServer.sqlproj", "{7CE2CB8A-3729-4758-90CA-B80B79BEF2D3}"
EndProject
Global
	GlobalSection(SolutionConfigurationPlatforms) = preSolution
		Debug|Any CPU = Debug|Any CPU
		Release|Any CPU = Release|Any CPU
	EndGlobalSection
	GlobalSection(ProjectConfigurationPlatforms) = postSolution
		{EFCAAF80-0AD0-4170-B21E-461A21944EC6}.Debug|Any CPU.ActiveCfg = Debug|Any CPU
		{EFCAAF80-0AD0-4170-B21E-461A21944EC6}.Debug|Any CPU.Build.0 = Debug|Any CPU
		{EFCAAF80-0AD0-4170-B21E-461A21944EC6}.Release|Any CPU.ActiveCfg = Release|Any CPU
		{EFCAAF80-0AD0-4170-B21E-461A21944EC6}.Release|Any CPU.Build.0 = Release|Any CPU
		{7CE2CB8A-3729-4758-90CA-B80B79BEF2D3}.Debug|Any CPU.ActiveCfg = Debug|Any CPU
		{7CE2CB8A-3729-4758-90CA-B80B79BEF2D3}.Debug|Any CPU.Build.0 = Debug|Any CPU
		{7CE2CB8A-3729-4758-90CA-B80B79BEF2D3}.Debug|Any CPU.Deploy.0 = Debug|Any CPU
		{7CE2CB8A-3729-4758-90CA-B80B79BEF2D3}.Release|Any CPU.ActiveCfg = Release|Any CPU
		{7CE2CB8A-3729-4758-90CA-B80B79BEF2D3}.Release|Any CPU.Build.0 = Release|Any CPU
		{7CE2CB8A-3729-4758-90CA-B80B79BEF2D3}.Release|Any CPU.Deploy.0 = Release|Any CPU
	EndGlobalSection
	GlobalSection(SolutionProperties) = preSolution
		HideSolutionNode = FALSE
	EndGlobalSection
	GlobalSection(ExtensibilityGlobals) = postSolution
		SolutionGuid = {AEDD2FED-3D22-455D-A3D5-9E9D75553B05}
	EndGlobalSection
EndGlobal
